// !$*UTF8*$!
{
	archiveVersion = 1;
	classes = {
	};
	objectVersion = 56;
	objects = {

/* Begin PBXBuildFile section */
		564E09432A9B3C0900AE3482 /* Toothbrush_HackerApp.swift in Sources */ = {isa = PBXBuildFile; fileRef = 564E09422A9B3C0900AE3482 /* Toothbrush_HackerApp.swift */; };
		564E09452A9B3C0900AE3482 /* ScannerView.swift in Sources */ = {isa = PBXBuildFile; fileRef = 564E09442A9B3C0900AE3482 /* ScannerView.swift */; };
		564E09472A9B3C0B00AE3482 /* Assets.xcassets in Resources */ = {isa = PBXBuildFile; fileRef = 564E09462A9B3C0B00AE3482 /* Assets.xcassets */; };
		564E094A2A9B3C0B00AE3482 /* Preview Assets.xcassets in Resources */ = {isa = PBXBuildFile; fileRef = 564E09492A9B3C0B00AE3482 /* Preview Assets.xcassets */; };
		564E09552A9B3CAA00AE3482 /* ScannerViewModel.swift in Sources */ = {isa = PBXBuildFile; fileRef = 564E09542A9B3CAA00AE3482 /* ScannerViewModel.swift */; };
		564E095D2A9C43AE00AE3482 /* DeviceScanner.swift in Sources */ = {isa = PBXBuildFile; fileRef = 564E095C2A9C43AE00AE3482 /* DeviceScanner.swift */; };
		564E09642A9C4BA400AE3482 /* ConnectedView.swift in Sources */ = {isa = PBXBuildFile; fileRef = 564E09632A9C4BA400AE3482 /* ConnectedView.swift */; };
		564E09662A9C4C0F00AE3482 /* AppModel.swift in Sources */ = {isa = PBXBuildFile; fileRef = 564E09652A9C4C0F00AE3482 /* AppModel.swift */; };
		564E09682A9C4F8700AE3482 /* ConnectedViewModel.swift in Sources */ = {isa = PBXBuildFile; fileRef = 564E09672A9C4F8700AE3482 /* ConnectedViewModel.swift */; };
		564E096A2A9C870300AE3482 /* DeviceBatteryMonitor.swift in Sources */ = {isa = PBXBuildFile; fileRef = 564E09692A9C870300AE3482 /* DeviceBatteryMonitor.swift */; };
		564E096D2A9C884200AE3482 /* BatteryService.swift in Sources */ = {isa = PBXBuildFile; fileRef = 564E096C2A9C884200AE3482 /* BatteryService.swift */; };
		564E09702A9C8A7200AE3482 /* BatteryLevelCharacteristic.swift in Sources */ = {isa = PBXBuildFile; fileRef = 564E096F2A9C8A7200AE3482 /* BatteryLevelCharacteristic.swift */; };
		564E09732A9C8AE700AE3482 /* CharacteristicFormatDescriptor.swift in Sources */ = {isa = PBXBuildFile; fileRef = 564E09722A9C8AE700AE3482 /* CharacteristicFormatDescriptor.swift */; };
		564E09772A9D6E3F00AE3482 /* BleDeviceConnection.swift in Sources */ = {isa = PBXBuildFile; fileRef = 564E09762A9D6E3F00AE3482 /* BleDeviceConnection.swift */; };
		564E097C2A9D755100AE3482 /* StringAsError.swift in Sources */ = {isa = PBXBuildFile; fileRef = 564E097B2A9D755100AE3482 /* StringAsError.swift */; };
		564E097E2A9D775400AE3482 /* BleDeviceCommunicator.swift in Sources */ = {isa = PBXBuildFile; fileRef = 564E097D2A9D775400AE3482 /* BleDeviceCommunicator.swift */; };
		564E09802A9DC2FE00AE3482 /* DiscoveredPeripheral.swift in Sources */ = {isa = PBXBuildFile; fileRef = 564E097F2A9DC2FE00AE3482 /* DiscoveredPeripheral.swift */; };
		564E09842A9DE59100AE3482 /* BleCentralManager.swift in Sources */ = {isa = PBXBuildFile; fileRef = 564E09832A9DE59100AE3482 /* BleCentralManager.swift */; };
		564E09862A9DF1C500AE3482 /* ConnectionEvent.swift in Sources */ = {isa = PBXBuildFile; fileRef = 564E09852A9DF1C500AE3482 /* ConnectionEvent.swift */; };
		564E09882A9E87C000AE3482 /* BleService.swift in Sources */ = {isa = PBXBuildFile; fileRef = 564E09872A9E87C000AE3482 /* BleService.swift */; };
		564E098A2A9E87D200AE3482 /* BleCharacteristic.swift in Sources */ = {isa = PBXBuildFile; fileRef = 564E09892A9E87D200AE3482 /* BleCharacteristic.swift */; };
		564E098C2A9E87E200AE3482 /* BleDescriptor.swift in Sources */ = {isa = PBXBuildFile; fileRef = 564E098B2A9E87E200AE3482 /* BleDescriptor.swift */; };
		564E098E2A9E9B4200AE3482 /* ConnectedState.swift in Sources */ = {isa = PBXBuildFile; fileRef = 564E098D2A9E9B4200AE3482 /* ConnectedState.swift */; };
		564E09902A9EA69400AE3482 /* ClientCharacteristicConfigurationDescriptor.swift in Sources */ = {isa = PBXBuildFile; fileRef = 564E098F2A9EA69400AE3482 /* ClientCharacteristicConfigurationDescriptor.swift */; };
		564E09932A9EB98100AE3482 /* ByteArrayExtensions.swift in Sources */ = {isa = PBXBuildFile; fileRef = 564E09922A9EB98100AE3482 /* ByteArrayExtensions.swift */; };
		564E09952A9F2F9100AE3482 /* DeviceInformationReader.swift in Sources */ = {isa = PBXBuildFile; fileRef = 564E09942A9F2F9100AE3482 /* DeviceInformationReader.swift */; };
		564E09972A9F2FF400AE3482 /* DeviceInformationService.swift in Sources */ = {isa = PBXBuildFile; fileRef = 564E09962A9F2FF400AE3482 /* DeviceInformationService.swift */; };
		564E09992A9F37CA00AE3482 /* ManufacturerNameCharacteristic.swift in Sources */ = {isa = PBXBuildFile; fileRef = 564E09982A9F37CA00AE3482 /* ManufacturerNameCharacteristic.swift */; };
/* End PBXBuildFile section */

/* Begin PBXFileReference section */
		564E093F2A9B3C0900AE3482 /* Toothbrush Hacker.app */ = {isa = PBXFileReference; explicitFileType = wrapper.application; includeInIndex = 0; path = "Toothbrush Hacker.app"; sourceTree = BUILT_PRODUCTS_DIR; };
		564E09422A9B3C0900AE3482 /* Toothbrush_HackerApp.swift */ = {isa = PBXFileReference; lastKnownFileType = sourcecode.swift; path = Toothbrush_HackerApp.swift; sourceTree = "<group>"; };
		564E09442A9B3C0900AE3482 /* ScannerView.swift */ = {isa = PBXFileReference; lastKnownFileType = sourcecode.swift; path = ScannerView.swift; sourceTree = "<group>"; };
		564E09462A9B3C0B00AE3482 /* Assets.xcassets */ = {isa = PBXFileReference; lastKnownFileType = folder.assetcatalog; path = Assets.xcassets; sourceTree = "<group>"; };
		564E09492A9B3C0B00AE3482 /* Preview Assets.xcassets */ = {isa = PBXFileReference; lastKnownFileType = folder.assetcatalog; path = "Preview Assets.xcassets"; sourceTree = "<group>"; };
		564E09542A9B3CAA00AE3482 /* ScannerViewModel.swift */ = {isa = PBXFileReference; lastKnownFileType = sourcecode.swift; path = ScannerViewModel.swift; sourceTree = "<group>"; };
		564E095C2A9C43AE00AE3482 /* DeviceScanner.swift */ = {isa = PBXFileReference; lastKnownFileType = sourcecode.swift; path = DeviceScanner.swift; sourceTree = "<group>"; };
		564E09632A9C4BA400AE3482 /* ConnectedView.swift */ = {isa = PBXFileReference; lastKnownFileType = sourcecode.swift; path = ConnectedView.swift; sourceTree = "<group>"; };
		564E09652A9C4C0F00AE3482 /* AppModel.swift */ = {isa = PBXFileReference; lastKnownFileType = sourcecode.swift; path = AppModel.swift; sourceTree = "<group>"; };
		564E09672A9C4F8700AE3482 /* ConnectedViewModel.swift */ = {isa = PBXFileReference; lastKnownFileType = sourcecode.swift; path = ConnectedViewModel.swift; sourceTree = "<group>"; };
		564E09692A9C870300AE3482 /* DeviceBatteryMonitor.swift */ = {isa = PBXFileReference; lastKnownFileType = sourcecode.swift; path = DeviceBatteryMonitor.swift; sourceTree = "<group>"; };
		564E096C2A9C884200AE3482 /* BatteryService.swift */ = {isa = PBXFileReference; lastKnownFileType = sourcecode.swift; path = BatteryService.swift; sourceTree = "<group>"; };
		564E096F2A9C8A7200AE3482 /* BatteryLevelCharacteristic.swift */ = {isa = PBXFileReference; lastKnownFileType = sourcecode.swift; path = BatteryLevelCharacteristic.swift; sourceTree = "<group>"; };
		564E09722A9C8AE700AE3482 /* CharacteristicFormatDescriptor.swift */ = {isa = PBXFileReference; lastKnownFileType = sourcecode.swift; path = CharacteristicFormatDescriptor.swift; sourceTree = "<group>"; };
		564E09762A9D6E3F00AE3482 /* BleDeviceConnection.swift */ = {isa = PBXFileReference; lastKnownFileType = sourcecode.swift; path = BleDeviceConnection.swift; sourceTree = "<group>"; };
		564E097B2A9D755100AE3482 /* StringAsError.swift */ = {isa = PBXFileReference; lastKnownFileType = sourcecode.swift; path = StringAsError.swift; sourceTree = "<group>"; };
		564E097D2A9D775400AE3482 /* BleDeviceCommunicator.swift */ = {isa = PBXFileReference; lastKnownFileType = sourcecode.swift; path = BleDeviceCommunicator.swift; sourceTree = "<group>"; };
		564E097F2A9DC2FE00AE3482 /* DiscoveredPeripheral.swift */ = {isa = PBXFileReference; lastKnownFileType = sourcecode.swift; path = DiscoveredPeripheral.swift; sourceTree = "<group>"; };
		564E09832A9DE59100AE3482 /* BleCentralManager.swift */ = {isa = PBXFileReference; lastKnownFileType = sourcecode.swift; path = BleCentralManager.swift; sourceTree = "<group>"; };
		564E09852A9DF1C500AE3482 /* ConnectionEvent.swift */ = {isa = PBXFileReference; lastKnownFileType = sourcecode.swift; path = ConnectionEvent.swift; sourceTree = "<group>"; };
		564E09872A9E87C000AE3482 /* BleService.swift */ = {isa = PBXFileReference; lastKnownFileType = sourcecode.swift; path = BleService.swift; sourceTree = "<group>"; };
		564E09892A9E87D200AE3482 /* BleCharacteristic.swift */ = {isa = PBXFileReference; lastKnownFileType = sourcecode.swift; path = BleCharacteristic.swift; sourceTree = "<group>"; };
		564E098B2A9E87E200AE3482 /* BleDescriptor.swift */ = {isa = PBXFileReference; lastKnownFileType = sourcecode.swift; path = BleDescriptor.swift; sourceTree = "<group>"; };
		564E098D2A9E9B4200AE3482 /* ConnectedState.swift */ = {isa = PBXFileReference; lastKnownFileType = sourcecode.swift; path = ConnectedState.swift; sourceTree = "<group>"; };
		564E098F2A9EA69400AE3482 /* ClientCharacteristicConfigurationDescriptor.swift */ = {isa = PBXFileReference; lastKnownFileType = sourcecode.swift; path = ClientCharacteristicConfigurationDescriptor.swift; sourceTree = "<group>"; };
		564E09922A9EB98100AE3482 /* ByteArrayExtensions.swift */ = {isa = PBXFileReference; lastKnownFileType = sourcecode.swift; path = ByteArrayExtensions.swift; sourceTree = "<group>"; };
		564E09942A9F2F9100AE3482 /* DeviceInformationReader.swift */ = {isa = PBXFileReference; lastKnownFileType = sourcecode.swift; path = DeviceInformationReader.swift; sourceTree = "<group>"; };
		564E09962A9F2FF400AE3482 /* DeviceInformationService.swift */ = {isa = PBXFileReference; lastKnownFileType = sourcecode.swift; path = DeviceInformationService.swift; sourceTree = "<group>"; };
		564E09982A9F37CA00AE3482 /* ManufacturerNameCharacteristic.swift */ = {isa = PBXFileReference; lastKnownFileType = sourcecode.swift; path = ManufacturerNameCharacteristic.swift; sourceTree = "<group>"; };
/* End PBXFileReference section */

/* Begin PBXFrameworksBuildPhase section */
		564E093C2A9B3C0900AE3482 /* Frameworks */ = {
			isa = PBXFrameworksBuildPhase;
			buildActionMask = 2147483647;
			files = (
			);
			runOnlyForDeploymentPostprocessing = 0;
		};
/* End PBXFrameworksBuildPhase section */

/* Begin PBXGroup section */
		564E09362A9B3C0900AE3482 = {
			isa = PBXGroup;
			children = (
				564E09412A9B3C0900AE3482 /* Toothbrush Hacker */,
				564E09402A9B3C0900AE3482 /* Products */,
			);
			sourceTree = "<group>";
		};
		564E09402A9B3C0900AE3482 /* Products */ = {
			isa = PBXGroup;
			children = (
				564E093F2A9B3C0900AE3482 /* Toothbrush Hacker.app */,
			);
			name = Products;
			sourceTree = "<group>";
		};
		564E09412A9B3C0900AE3482 /* Toothbrush Hacker */ = {
			isa = PBXGroup;
			children = (
				564E097A2A9D754700AE3482 /* Extensions */,
				564E09582A9B487A00AE3482 /* Ble */,
				564E095B2A9C438100AE3482 /* Workers */,
				564E09522A9B3C9700AE3482 /* Scenes */,
				564E09422A9B3C0900AE3482 /* Toothbrush_HackerApp.swift */,
				564E09652A9C4C0F00AE3482 /* AppModel.swift */,
				564E09462A9B3C0B00AE3482 /* Assets.xcassets */,
				564E09482A9B3C0B00AE3482 /* Preview Content */,
			);
			path = "Toothbrush Hacker";
			sourceTree = "<group>";
		};
		564E09482A9B3C0B00AE3482 /* Preview Content */ = {
			isa = PBXGroup;
			children = (
				564E09492A9B3C0B00AE3482 /* Preview Assets.xcassets */,
			);
			path = "Preview Content";
			sourceTree = "<group>";
		};
		564E09522A9B3C9700AE3482 /* Scenes */ = {
			isa = PBXGroup;
			children = (
				564E09602A9C4B4000AE3482 /* Connected */,
				564E09532A9B3C9D00AE3482 /* Scan */,
			);
			path = Scenes;
			sourceTree = "<group>";
		};
		564E09532A9B3C9D00AE3482 /* Scan */ = {
			isa = PBXGroup;
			children = (
				564E09442A9B3C0900AE3482 /* ScannerView.swift */,
				564E09542A9B3CAA00AE3482 /* ScannerViewModel.swift */,
			);
			path = Scan;
			sourceTree = "<group>";
		};
		564E09582A9B487A00AE3482 /* Ble */ = {
			isa = PBXGroup;
			children = (
				564E098D2A9E9B4200AE3482 /* ConnectedState.swift */,
				564E09852A9DF1C500AE3482 /* ConnectionEvent.swift */,
				564E097F2A9DC2FE00AE3482 /* DiscoveredPeripheral.swift */,
				564E09832A9DE59100AE3482 /* BleCentralManager.swift */,
				564E09762A9D6E3F00AE3482 /* BleDeviceConnection.swift */,
				564E097D2A9D775400AE3482 /* BleDeviceCommunicator.swift */,
				564E096B2A9C883800AE3482 /* Services */,
				564E096E2A9C8A5300AE3482 /* Characteristics */,
				564E09712A9C8ABB00AE3482 /* Descriptors */,
				564E09912A9EB96200AE3482 /* Utils */,
			);
			path = Ble;
			sourceTree = "<group>";
		};
		564E095B2A9C438100AE3482 /* Workers */ = {
			isa = PBXGroup;
			children = (
				564E095C2A9C43AE00AE3482 /* DeviceScanner.swift */,
				564E09692A9C870300AE3482 /* DeviceBatteryMonitor.swift */,
				564E09942A9F2F9100AE3482 /* DeviceInformationReader.swift */,
			);
			path = Workers;
			sourceTree = "<group>";
		};
		564E09602A9C4B4000AE3482 /* Connected */ = {
			isa = PBXGroup;
			children = (
				564E09632A9C4BA400AE3482 /* ConnectedView.swift */,
				564E09672A9C4F8700AE3482 /* ConnectedViewModel.swift */,
			);
			path = Connected;
			sourceTree = "<group>";
		};
		564E096B2A9C883800AE3482 /* Services */ = {
			isa = PBXGroup;
			children = (
				564E09872A9E87C000AE3482 /* BleService.swift */,
				564E096C2A9C884200AE3482 /* BatteryService.swift */,
				564E09962A9F2FF400AE3482 /* DeviceInformationService.swift */,
			);
			path = Services;
			sourceTree = "<group>";
		};
		564E096E2A9C8A5300AE3482 /* Characteristics */ = {
			isa = PBXGroup;
			children = (
				564E09892A9E87D200AE3482 /* BleCharacteristic.swift */,
				564E096F2A9C8A7200AE3482 /* BatteryLevelCharacteristic.swift */,
				564E09982A9F37CA00AE3482 /* ManufacturerNameCharacteristic.swift */,
			);
			path = Characteristics;
			sourceTree = "<group>";
		};
		564E09712A9C8ABB00AE3482 /* Descriptors */ = {
			isa = PBXGroup;
			children = (
				564E098B2A9E87E200AE3482 /* BleDescriptor.swift */,
				564E09722A9C8AE700AE3482 /* CharacteristicFormatDescriptor.swift */,
				564E098F2A9EA69400AE3482 /* ClientCharacteristicConfigurationDescriptor.swift */,
			);
			path = Descriptors;
			sourceTree = "<group>";
		};
		564E097A2A9D754700AE3482 /* Extensions */ = {
			isa = PBXGroup;
			children = (
				564E097B2A9D755100AE3482 /* StringAsError.swift */,
			);
			path = Extensions;
			sourceTree = "<group>";
		};
		564E09912A9EB96200AE3482 /* Utils */ = {
			isa = PBXGroup;
			children = (
				564E09922A9EB98100AE3482 /* ByteArrayExtensions.swift */,
			);
			path = Utils;
			sourceTree = "<group>";
		};
/* End PBXGroup section */

/* Begin PBXNativeTarget section */
		564E093E2A9B3C0900AE3482 /* Toothbrush Hacker */ = {
			isa = PBXNativeTarget;
			buildConfigurationList = 564E094D2A9B3C0B00AE3482 /* Build configuration list for PBXNativeTarget "Toothbrush Hacker" */;
			buildPhases = (
				564E093B2A9B3C0900AE3482 /* Sources */,
				564E093C2A9B3C0900AE3482 /* Frameworks */,
				564E093D2A9B3C0900AE3482 /* Resources */,
			);
			buildRules = (
			);
			dependencies = (
			);
			name = "Toothbrush Hacker";
			productName = "Toothbrush Hacker";
			productReference = 564E093F2A9B3C0900AE3482 /* Toothbrush Hacker.app */;
			productType = "com.apple.product-type.application";
		};
/* End PBXNativeTarget section */

/* Begin PBXProject section */
		564E09372A9B3C0900AE3482 /* Project object */ = {
			isa = PBXProject;
			attributes = {
				BuildIndependentTargetsInParallel = 1;
				LastSwiftUpdateCheck = 1430;
				LastUpgradeCheck = 1430;
				TargetAttributes = {
					564E093E2A9B3C0900AE3482 = {
						CreatedOnToolsVersion = 14.3.1;
					};
				};
			};
			buildConfigurationList = 564E093A2A9B3C0900AE3482 /* Build configuration list for PBXProject "Toothbrush Hacker" */;
			compatibilityVersion = "Xcode 14.0";
			developmentRegion = en;
			hasScannedForEncodings = 0;
			knownRegions = (
				en,
				Base,
			);
			mainGroup = 564E09362A9B3C0900AE3482;
			productRefGroup = 564E09402A9B3C0900AE3482 /* Products */;
			projectDirPath = "";
			projectRoot = "";
			targets = (
				564E093E2A9B3C0900AE3482 /* Toothbrush Hacker */,
			);
		};
/* End PBXProject section */

/* Begin PBXResourcesBuildPhase section */
		564E093D2A9B3C0900AE3482 /* Resources */ = {
			isa = PBXResourcesBuildPhase;
			buildActionMask = 2147483647;
			files = (
				564E094A2A9B3C0B00AE3482 /* Preview Assets.xcassets in Resources */,
				564E09472A9B3C0B00AE3482 /* Assets.xcassets in Resources */,
			);
			runOnlyForDeploymentPostprocessing = 0;
		};
/* End PBXResourcesBuildPhase section */

/* Begin PBXSourcesBuildPhase section */
		564E093B2A9B3C0900AE3482 /* Sources */ = {
			isa = PBXSourcesBuildPhase;
			buildActionMask = 2147483647;
			files = (
				564E09732A9C8AE700AE3482 /* CharacteristicFormatDescriptor.swift in Sources */,
				564E09772A9D6E3F00AE3482 /* BleDeviceConnection.swift in Sources */,
				564E09972A9F2FF400AE3482 /* DeviceInformationService.swift in Sources */,
				564E098C2A9E87E200AE3482 /* BleDescriptor.swift in Sources */,
				564E09452A9B3C0900AE3482 /* ScannerView.swift in Sources */,
				564E097C2A9D755100AE3482 /* StringAsError.swift in Sources */,
				564E097E2A9D775400AE3482 /* BleDeviceCommunicator.swift in Sources */,
				564E09682A9C4F8700AE3482 /* ConnectedViewModel.swift in Sources */,
				564E09862A9DF1C500AE3482 /* ConnectionEvent.swift in Sources */,
				564E09662A9C4C0F00AE3482 /* AppModel.swift in Sources */,
				564E09992A9F37CA00AE3482 /* ManufacturerNameCharacteristic.swift in Sources */,
				564E09702A9C8A7200AE3482 /* BatteryLevelCharacteristic.swift in Sources */,
				564E09902A9EA69400AE3482 /* ClientCharacteristicConfigurationDescriptor.swift in Sources */,
				564E09952A9F2F9100AE3482 /* DeviceInformationReader.swift in Sources */,
				564E09882A9E87C000AE3482 /* BleService.swift in Sources */,
				564E098A2A9E87D200AE3482 /* BleCharacteristic.swift in Sources */,
				564E09642A9C4BA400AE3482 /* ConnectedView.swift in Sources */,
				564E09432A9B3C0900AE3482 /* Toothbrush_HackerApp.swift in Sources */,
				564E098E2A9E9B4200AE3482 /* ConnectedState.swift in Sources */,
				564E095D2A9C43AE00AE3482 /* DeviceScanner.swift in Sources */,
				564E09802A9DC2FE00AE3482 /* DiscoveredPeripheral.swift in Sources */,
				564E09552A9B3CAA00AE3482 /* ScannerViewModel.swift in Sources */,
				564E09842A9DE59100AE3482 /* BleCentralManager.swift in Sources */,
				564E096A2A9C870300AE3482 /* DeviceBatteryMonitor.swift in Sources */,
				564E096D2A9C884200AE3482 /* BatteryService.swift in Sources */,
				564E09932A9EB98100AE3482 /* ByteArrayExtensions.swift in Sources */,
			);
			runOnlyForDeploymentPostprocessing = 0;
		};
/* End PBXSourcesBuildPhase section */

/* Begin XCBuildConfiguration section */
		564E094B2A9B3C0B00AE3482 /* Debug */ = {
			isa = XCBuildConfiguration;
			buildSettings = {
				ALWAYS_SEARCH_USER_PATHS = NO;
				CLANG_ANALYZER_NONNULL = YES;
				CLANG_ANALYZER_NUMBER_OBJECT_CONVERSION = YES_AGGRESSIVE;
				CLANG_CXX_LANGUAGE_STANDARD = "gnu++20";
				CLANG_ENABLE_MODULES = YES;
				CLANG_ENABLE_OBJC_ARC = YES;
				CLANG_ENABLE_OBJC_WEAK = YES;
				CLANG_WARN_BLOCK_CAPTURE_AUTORELEASING = YES;
				CLANG_WARN_BOOL_CONVERSION = YES;
				CLANG_WARN_COMMA = YES;
				CLANG_WARN_CONSTANT_CONVERSION = YES;
				CLANG_WARN_DEPRECATED_OBJC_IMPLEMENTATIONS = YES;
				CLANG_WARN_DIRECT_OBJC_ISA_USAGE = YES_ERROR;
				CLANG_WARN_DOCUMENTATION_COMMENTS = YES;
				CLANG_WARN_EMPTY_BODY = YES;
				CLANG_WARN_ENUM_CONVERSION = YES;
				CLANG_WARN_INFINITE_RECURSION = YES;
				CLANG_WARN_INT_CONVERSION = YES;
				CLANG_WARN_NON_LITERAL_NULL_CONVERSION = YES;
				CLANG_WARN_OBJC_IMPLICIT_RETAIN_SELF = YES;
				CLANG_WARN_OBJC_LITERAL_CONVERSION = YES;
				CLANG_WARN_OBJC_ROOT_CLASS = YES_ERROR;
				CLANG_WARN_QUOTED_INCLUDE_IN_FRAMEWORK_HEADER = YES;
				CLANG_WARN_RANGE_LOOP_ANALYSIS = YES;
				CLANG_WARN_STRICT_PROTOTYPES = YES;
				CLANG_WARN_SUSPICIOUS_MOVE = YES;
				CLANG_WARN_UNGUARDED_AVAILABILITY = YES_AGGRESSIVE;
				CLANG_WARN_UNREACHABLE_CODE = YES;
				CLANG_WARN__DUPLICATE_METHOD_MATCH = YES;
				COPY_PHASE_STRIP = NO;
				DEBUG_INFORMATION_FORMAT = dwarf;
				ENABLE_STRICT_OBJC_MSGSEND = YES;
				ENABLE_TESTABILITY = YES;
				GCC_C_LANGUAGE_STANDARD = gnu11;
				GCC_DYNAMIC_NO_PIC = NO;
				GCC_NO_COMMON_BLOCKS = YES;
				GCC_OPTIMIZATION_LEVEL = 0;
				GCC_PREPROCESSOR_DEFINITIONS = (
					"DEBUG=1",
					"$(inherited)",
				);
				GCC_WARN_64_TO_32_BIT_CONVERSION = YES;
				GCC_WARN_ABOUT_RETURN_TYPE = YES_ERROR;
				GCC_WARN_UNDECLARED_SELECTOR = YES;
				GCC_WARN_UNINITIALIZED_AUTOS = YES_AGGRESSIVE;
				GCC_WARN_UNUSED_FUNCTION = YES;
				GCC_WARN_UNUSED_VARIABLE = YES;
				IPHONEOS_DEPLOYMENT_TARGET = 16.4;
				MTL_ENABLE_DEBUG_INFO = INCLUDE_SOURCE;
				MTL_FAST_MATH = YES;
				ONLY_ACTIVE_ARCH = YES;
				SDKROOT = iphoneos;
				SWIFT_ACTIVE_COMPILATION_CONDITIONS = DEBUG;
				SWIFT_OPTIMIZATION_LEVEL = "-Onone";
			};
			name = Debug;
		};
		564E094C2A9B3C0B00AE3482 /* Release */ = {
			isa = XCBuildConfiguration;
			buildSettings = {
				ALWAYS_SEARCH_USER_PATHS = NO;
				CLANG_ANALYZER_NONNULL = YES;
				CLANG_ANALYZER_NUMBER_OBJECT_CONVERSION = YES_AGGRESSIVE;
				CLANG_CXX_LANGUAGE_STANDARD = "gnu++20";
				CLANG_ENABLE_MODULES = YES;
				CLANG_ENABLE_OBJC_ARC = YES;
				CLANG_ENABLE_OBJC_WEAK = YES;
				CLANG_WARN_BLOCK_CAPTURE_AUTORELEASING = YES;
				CLANG_WARN_BOOL_CONVERSION = YES;
				CLANG_WARN_COMMA = YES;
				CLANG_WARN_CONSTANT_CONVERSION = YES;
				CLANG_WARN_DEPRECATED_OBJC_IMPLEMENTATIONS = YES;
				CLANG_WARN_DIRECT_OBJC_ISA_USAGE = YES_ERROR;
				CLANG_WARN_DOCUMENTATION_COMMENTS = YES;
				CLANG_WARN_EMPTY_BODY = YES;
				CLANG_WARN_ENUM_CONVERSION = YES;
				CLANG_WARN_INFINITE_RECURSION = YES;
				CLANG_WARN_INT_CONVERSION = YES;
				CLANG_WARN_NON_LITERAL_NULL_CONVERSION = YES;
				CLANG_WARN_OBJC_IMPLICIT_RETAIN_SELF = YES;
				CLANG_WARN_OBJC_LITERAL_CONVERSION = YES;
				CLANG_WARN_OBJC_ROOT_CLASS = YES_ERROR;
				CLANG_WARN_QUOTED_INCLUDE_IN_FRAMEWORK_HEADER = YES;
				CLANG_WARN_RANGE_LOOP_ANALYSIS = YES;
				CLANG_WARN_STRICT_PROTOTYPES = YES;
				CLANG_WARN_SUSPICIOUS_MOVE = YES;
				CLANG_WARN_UNGUARDED_AVAILABILITY = YES_AGGRESSIVE;
				CLANG_WARN_UNREACHABLE_CODE = YES;
				CLANG_WARN__DUPLICATE_METHOD_MATCH = YES;
				COPY_PHASE_STRIP = NO;
				DEBUG_INFORMATION_FORMAT = "dwarf-with-dsym";
				ENABLE_NS_ASSERTIONS = NO;
				ENABLE_STRICT_OBJC_MSGSEND = YES;
				GCC_C_LANGUAGE_STANDARD = gnu11;
				GCC_NO_COMMON_BLOCKS = YES;
				GCC_WARN_64_TO_32_BIT_CONVERSION = YES;
				GCC_WARN_ABOUT_RETURN_TYPE = YES_ERROR;
				GCC_WARN_UNDECLARED_SELECTOR = YES;
				GCC_WARN_UNINITIALIZED_AUTOS = YES_AGGRESSIVE;
				GCC_WARN_UNUSED_FUNCTION = YES;
				GCC_WARN_UNUSED_VARIABLE = YES;
				IPHONEOS_DEPLOYMENT_TARGET = 16.4;
				MTL_ENABLE_DEBUG_INFO = NO;
				MTL_FAST_MATH = YES;
				SDKROOT = iphoneos;
				SWIFT_COMPILATION_MODE = wholemodule;
				SWIFT_OPTIMIZATION_LEVEL = "-O";
				VALIDATE_PRODUCT = YES;
			};
			name = Release;
		};
		564E094E2A9B3C0B00AE3482 /* Debug */ = {
			isa = XCBuildConfiguration;
			buildSettings = {
				ASSETCATALOG_COMPILER_APPICON_NAME = AppIcon;
				ASSETCATALOG_COMPILER_GLOBAL_ACCENT_COLOR_NAME = AccentColor;
				CODE_SIGN_STYLE = Automatic;
				CURRENT_PROJECT_VERSION = 1;
				DEVELOPMENT_ASSET_PATHS = "\"Toothbrush Hacker/Preview Content\"";
				DEVELOPMENT_TEAM = QTXW6735S3;
				ENABLE_PREVIEWS = YES;
				GENERATE_INFOPLIST_FILE = YES;
				INFOPLIST_KEY_NSBluetoothAlwaysUsageDescription = "I'm gonna hack your toothbrush";
				INFOPLIST_KEY_NSBluetoothPeripheralUsageDescription = "I'm gonna hack your toothbrush";
				INFOPLIST_KEY_UIApplicationSceneManifest_Generation = YES;
				INFOPLIST_KEY_UIApplicationSupportsIndirectInputEvents = YES;
				INFOPLIST_KEY_UILaunchScreen_Generation = YES;
				INFOPLIST_KEY_UISupportedInterfaceOrientations_iPad = "UIInterfaceOrientationPortrait UIInterfaceOrientationPortraitUpsideDown UIInterfaceOrientationLandscapeLeft UIInterfaceOrientationLandscapeRight";
				INFOPLIST_KEY_UISupportedInterfaceOrientations_iPhone = "UIInterfaceOrientationPortrait UIInterfaceOrientationLandscapeLeft UIInterfaceOrientationLandscapeRight";
				LD_RUNPATH_SEARCH_PATHS = (
					"$(inherited)",
					"@executable_path/Frameworks",
				);
				MARKETING_VERSION = 1.0;
				PRODUCT_BUNDLE_IDENTIFIER = "com.jasonsapps.Toothbrush-Hacker";
				PRODUCT_NAME = "$(TARGET_NAME)";
				SWIFT_EMIT_LOC_STRINGS = YES;
				SWIFT_VERSION = 5.0;
				TARGETED_DEVICE_FAMILY = "1,2";
			};
			name = Debug;
		};
		564E094F2A9B3C0B00AE3482 /* Release */ = {
			isa = XCBuildConfiguration;
			buildSettings = {
				ASSETCATALOG_COMPILER_APPICON_NAME = AppIcon;
				ASSETCATALOG_COMPILER_GLOBAL_ACCENT_COLOR_NAME = AccentColor;
				CODE_SIGN_STYLE = Automatic;
				CURRENT_PROJECT_VERSION = 1;
				DEVELOPMENT_ASSET_PATHS = "\"Toothbrush Hacker/Preview Content\"";
				DEVELOPMENT_TEAM = QTXW6735S3;
				ENABLE_PREVIEWS = YES;
				GENERATE_INFOPLIST_FILE = YES;
				INFOPLIST_KEY_NSBluetoothAlwaysUsageDescription = "I'm gonna hack your toothbrush";
				INFOPLIST_KEY_NSBluetoothPeripheralUsageDescription = "I'm gonna hack your toothbrush";
				INFOPLIST_KEY_UIApplicationSceneManifest_Generation = YES;
				INFOPLIST_KEY_UIApplicationSupportsIndirectInputEvents = YES;
				INFOPLIST_KEY_UILaunchScreen_Generation = YES;
				INFOPLIST_KEY_UISupportedInterfaceOrientations_iPad = "UIInterfaceOrientationPortrait UIInterfaceOrientationPortraitUpsideDown UIInterfaceOrientationLandscapeLeft UIInterfaceOrientationLandscapeRight";
				INFOPLIST_KEY_UISupportedInterfaceOrientations_iPhone = "UIInterfaceOrientationPortrait UIInterfaceOrientationLandscapeLeft UIInterfaceOrientationLandscapeRight";
				LD_RUNPATH_SEARCH_PATHS = (
					"$(inherited)",
					"@executable_path/Frameworks",
				);
				MARKETING_VERSION = 1.0;
				PRODUCT_BUNDLE_IDENTIFIER = "com.jasonsapps.Toothbrush-Hacker";
				PRODUCT_NAME = "$(TARGET_NAME)";
				SWIFT_EMIT_LOC_STRINGS = YES;
				SWIFT_VERSION = 5.0;
				TARGETED_DEVICE_FAMILY = "1,2";
			};
			name = Release;
		};
/* End XCBuildConfiguration section */

/* Begin XCConfigurationList section */
		564E093A2A9B3C0900AE3482 /* Build configuration list for PBXProject "Toothbrush Hacker" */ = {
			isa = XCConfigurationList;
			buildConfigurations = (
				564E094B2A9B3C0B00AE3482 /* Debug */,
				564E094C2A9B3C0B00AE3482 /* Release */,
			);
			defaultConfigurationIsVisible = 0;
			defaultConfigurationName = Release;
		};
		564E094D2A9B3C0B00AE3482 /* Build configuration list for PBXNativeTarget "Toothbrush Hacker" */ = {
			isa = XCConfigurationList;
			buildConfigurations = (
				564E094E2A9B3C0B00AE3482 /* Debug */,
				564E094F2A9B3C0B00AE3482 /* Release */,
			);
			defaultConfigurationIsVisible = 0;
			defaultConfigurationName = Release;
		};
/* End XCConfigurationList section */
	};
	rootObject = 564E09372A9B3C0900AE3482 /* Project object */;
}
